
Microsoft Visual Studio Solution File, Format Version 12.00
# Visual Studio 15
VisualStudioVersion = 15.0.28307.136
MinimumVisualStudioVersion = 10.0.40219.1
Project("{FAE04EC0-301F-11D3-BF4B-00C04F79EFBC}") = "SchemaGenerator", "SchemaGenerator.csproj", "{FA7A1400-4CC3-43E1-B309-C2B7C69EC4C1}"
EndProject
Global
	GlobalSection(SolutionConfigurationPlatforms) = preSolution
		Debug|Any CPU = Debug|Any CPU
		Release|Any CPU = Release|Any CPU
	EndGlobalSection
	GlobalSection(ProjectConfigurationPlatforms) = postSolution
		{FA7A1400-4CC3-43E1-B309-C2B7C69EC4C1}.Debug|Any CPU.ActiveCfg = Debug|Any CPU
		{FA7A1400-4CC3-43E1-B309-C2B7C69EC4C1}.Debug|Any CPU.Build.0 = Debug|Any CPU
		{FA7A1400-4CC3-43E1-B309-C2B7C69EC4C1}.Release|Any CPU.ActiveCfg = Release|Any CPU
		{FA7A1400-4CC3-43E1-B309-C2B7C69EC4C1}.Release|Any CPU.Build.0 = Release|Any CPU
	EndGlobalSection
	GlobalSection(SolutionProperties) = preSolution
		HideSolutionNode = FALSE
	EndGlobalSection
	GlobalSection(ExtensibilityGlobals) = postSolution
		SolutionGuid = {B1FA0A3A-4B3B-40A9-828B-1D9F948867C0}
	EndGlobalSection
EndGlobal
